
Microsoft Visual Studio Solution File, Format Version 12.00
# Visual Studio Version 17
VisualStudioVersion = 17.5.33424.131
MinimumVisualStudioVersion = 10.0.40219.1
Project("{FAE04EC0-301F-11D3-BF4B-00C04F79EFBC}") = "Performance_RandomNumber", "Performance_RandomNumber\Performance_RandomNumber.csproj", "{A3F91FC9-10F4-4CE3-8977-4CAF5BC2004D}"
EndProject
Global
	GlobalSection(SolutionConfigurationPlatforms) = preSolution
		Debug|Any CPU = Debug|Any CPU
		Release|Any CPU = Release|Any CPU
	EndGlobalSection
	GlobalSection(ProjectConfigurationPlatforms) = postSolution
		{A3F91FC9-10F4-4CE3-8977-4CAF5BC2004D}.Debug|Any CPU.ActiveCfg = Debug|Any CPU
		{A3F91FC9-10F4-4CE3-8977-4CAF5BC2004D}.Debug|Any CPU.Build.0 = Debug|Any CPU
		{A3F91FC9-10F4-4CE3-8977-4CAF5BC2004D}.Release|Any CPU.ActiveCfg = Release|Any CPU
		{A3F91FC9-10F4-4CE3-8977-4CAF5BC2004D}.Release|Any CPU.Build.0 = Release|Any CPU
	EndGlobalSection
	GlobalSection(SolutionProperties) = preSolution
		HideSolutionNode = FALSE
	EndGlobalSection
	GlobalSection(ExtensibilityGlobals) = postSolution
		SolutionGuid = {63E2537B-6C14-4795-B729-EDF6C575AC98}
	EndGlobalSection
EndGlobal
